
Microsoft Visual Studio Solution File, Format Version 12.00
# Visual Studio Version 17
VisualStudioVersion = 17.2.32526.322
MinimumVisualStudioVersion = 10.0.40219.1
Project("{FAE04EC0-301F-11D3-BF4B-00C04F79EFBC}") = "UserRegex", "UserRegex\UserRegex.csproj", "{123D3BB6-8713-4147-AD7D-5926245AD4E5}"
EndProject
Global
	GlobalSection(SolutionConfigurationPlatforms) = preSolution
		Debug|Any CPU = Debug|Any CPU
		Release|Any CPU = Release|Any CPU
	EndGlobalSection
	GlobalSection(ProjectConfigurationPlatforms) = postSolution
		{123D3BB6-8713-4147-AD7D-5926245AD4E5}.Debug|Any CPU.ActiveCfg = Debug|Any CPU
		{123D3BB6-8713-4147-AD7D-5926245AD4E5}.Debug|Any CPU.Build.0 = Debug|Any CPU
		{123D3BB6-8713-4147-AD7D-5926245AD4E5}.Release|Any CPU.ActiveCfg = Release|Any CPU
		{123D3BB6-8713-4147-AD7D-5926245AD4E5}.Release|Any CPU.Build.0 = Release|Any CPU
	EndGlobalSection
	GlobalSection(SolutionProperties) = preSolution
		HideSolutionNode = FALSE
	EndGlobalSection
	GlobalSection(ExtensibilityGlobals) = postSolution
		SolutionGuid = {5D311161-9E5B-4C3F-9617-6AB665534F25}
	EndGlobalSection
EndGlobal
